
Microsoft Visual Studio Solution File, Format Version 12.00
# Visual Studio Version 17
VisualStudioVersion = 17.14.36414.22 d17.14
MinimumVisualStudioVersion = 10.0.40219.1
Project("{FAE04EC0-301F-11D3-BF4B-00C04F79EFBC}") = "Composicao", "Composicao\Composicao.csproj", "{B15E6CFD-688A-45D0-9FDB-98B63D1F916A}"
EndProject
Global
	GlobalSection(SolutionConfigurationPlatforms) = preSolution
		Debug|Any CPU = Debug|Any CPU
		Release|Any CPU = Release|Any CPU
	EndGlobalSection
	GlobalSection(ProjectConfigurationPlatforms) = postSolution
		{B15E6CFD-688A-45D0-9FDB-98B63D1F916A}.Debug|Any CPU.ActiveCfg = Debug|Any CPU
		{B15E6CFD-688A-45D0-9FDB-98B63D1F916A}.Debug|Any CPU.Build.0 = Debug|Any CPU
		{B15E6CFD-688A-45D0-9FDB-98B63D1F916A}.Release|Any CPU.ActiveCfg = Release|Any CPU
		{B15E6CFD-688A-45D0-9FDB-98B63D1F916A}.Release|Any CPU.Build.0 = Release|Any CPU
	EndGlobalSection
	GlobalSection(SolutionProperties) = preSolution
		HideSolutionNode = FALSE
	EndGlobalSection
	GlobalSection(ExtensibilityGlobals) = postSolution
		SolutionGuid = {A2EE2B36-D10B-4F01-9B00-6CAE4431E0D9}
	EndGlobalSection
EndGlobal
